
Microsoft Visual Studio Solution File, Format Version 12.00
# Visual Studio 14
VisualStudioVersion = 14.0.25123.0
MinimumVisualStudioVersion = 10.0.40219.1
Project("{FAE04EC0-301F-11D3-BF4B-00C04F79EFBC}") = "01WeekendsBetweenTwoDates", "01WeekendsBetweenTwoDates\01WeekendsBetweenTwoDates.csproj", "{685559C8-5265-4B39-A514-0359BCF79C70}"
EndProject
Project("{FAE04EC0-301F-11D3-BF4B-00C04F79EFBC}") = "02DoublePalindromes", "02DoublePalindromes\02DoublePalindromes.csproj", "{CFFC0E36-D44F-4922-A3DB-7539F709E225}"
EndProject
Global
	GlobalSection(SolutionConfigurationPlatforms) = preSolution
		Debug|Any CPU = Debug|Any CPU
		Release|Any CPU = Release|Any CPU
	EndGlobalSection
	GlobalSection(ProjectConfigurationPlatforms) = postSolution
		{685559C8-5265-4B39-A514-0359BCF79C70}.Debug|Any CPU.ActiveCfg = Debug|Any CPU
		{685559C8-5265-4B39-A514-0359BCF79C70}.Debug|Any CPU.Build.0 = Debug|Any CPU
		{685559C8-5265-4B39-A514-0359BCF79C70}.Release|Any CPU.ActiveCfg = Release|Any CPU
		{685559C8-5265-4B39-A514-0359BCF79C70}.Release|Any CPU.Build.0 = Release|Any CPU
		{CFFC0E36-D44F-4922-A3DB-7539F709E225}.Debug|Any CPU.ActiveCfg = Debug|Any CPU
		{CFFC0E36-D44F-4922-A3DB-7539F709E225}.Debug|Any CPU.Build.0 = Debug|Any CPU
		{CFFC0E36-D44F-4922-A3DB-7539F709E225}.Release|Any CPU.ActiveCfg = Release|Any CPU
		{CFFC0E36-D44F-4922-A3DB-7539F709E225}.Release|Any CPU.Build.0 = Release|Any CPU
	EndGlobalSection
	GlobalSection(SolutionProperties) = preSolution
		HideSolutionNode = FALSE
	EndGlobalSection
EndGlobal
